// !$*UTF8*$!
{
	archiveVersion = 1;
	classes = {
	};
	objectVersion = 50;
	objects = {

/* Begin PBXBuildFile section */
		4B3ED2E62CA159DE00BB16AF /* AppDelegate.swift in Sources */ = {isa = PBXBuildFile; fileRef = 4B3ED2E52CA159DE00BB16AF /* AppDelegate.swift */; };
		4B3ED2E82CA159DE00BB16AF /* SceneDelegate.swift in Sources */ = {isa = PBXBuildFile; fileRef = 4B3ED2E72CA159DE00BB16AF /* SceneDelegate.swift */; };
		4B3ED2EB2CA159DE00BB16AF /* Swift_UI_Concepts.xcdatamodeld in Sources */ = {isa = PBXBuildFile; fileRef = 4B3ED2E92CA159DE00BB16AF /* Swift_UI_Concepts.xcdatamodeld */; };
		4B3ED2ED2CA159DE00BB16AF /* ContentView.swift in Sources */ = {isa = PBXBuildFile; fileRef = 4B3ED2EC2CA159DE00BB16AF /* ContentView.swift */; };
		4B3ED2EF2CA159E100BB16AF /* Assets.xcassets in Resources */ = {isa = PBXBuildFile; fileRef = 4B3ED2EE2CA159E100BB16AF /* Assets.xcassets */; };
		4B3ED2F22CA159E100BB16AF /* Preview Assets.xcassets in Resources */ = {isa = PBXBuildFile; fileRef = 4B3ED2F12CA159E100BB16AF /* Preview Assets.xcassets */; };
		4B3ED2F52CA159E100BB16AF /* LaunchScreen.storyboard in Resources */ = {isa = PBXBuildFile; fileRef = 4B3ED2F32CA159E100BB16AF /* LaunchScreen.storyboard */; };
		4B3ED3002CA159E100BB16AF /* Swift_UI_ConceptsTests.swift in Sources */ = {isa = PBXBuildFile; fileRef = 4B3ED2FF2CA159E100BB16AF /* Swift_UI_ConceptsTests.swift */; };
		4B3ED30B2CA159E100BB16AF /* Swift_UI_ConceptsUITests.swift in Sources */ = {isa = PBXBuildFile; fileRef = 4B3ED30A2CA159E100BB16AF /* Swift_UI_ConceptsUITests.swift */; };
		4B3ED3192CA16BF300BB16AF /* UsersModel.swift in Sources */ = {isa = PBXBuildFile; fileRef = 4B3ED3182CA16BF300BB16AF /* UsersModel.swift */; };
		4B3ED31B2CA16C0E00BB16AF /* UsersViewModel.swift in Sources */ = {isa = PBXBuildFile; fileRef = 4B3ED31A2CA16C0E00BB16AF /* UsersViewModel.swift */; };
		4B6423A82CA18BC400C4D9D5 /* CustomActivityIndicator.swift in Sources */ = {isa = PBXBuildFile; fileRef = 4B6423A72CA18BC400C4D9D5 /* CustomActivityIndicator.swift */; };
		4B7ADE072CAE69DD00890773 /* ViewBuilderSwiftUI.swift in Sources */ = {isa = PBXBuildFile; fileRef = 4B7ADE062CAE69DD00890773 /* ViewBuilderSwiftUI.swift */; };
		4BCC87D52CAEB09300B3731B /* MenuSwiftUI.swift in Sources */ = {isa = PBXBuildFile; fileRef = 4BCC87D42CAEB09300B3731B /* MenuSwiftUI.swift */; };
		4BF956EB2CAD6998007470CD /* Users.swift in Sources */ = {isa = PBXBuildFile; fileRef = 4BF956EA2CAD6998007470CD /* Users.swift */; };
		4BF956EF2CAD7242007470CD /* PostViewModel.swift in Sources */ = {isa = PBXBuildFile; fileRef = 4BF956EE2CAD7242007470CD /* PostViewModel.swift */; };
		4BF956F12CAD7790007470CD /* CustomUserView.swift in Sources */ = {isa = PBXBuildFile; fileRef = 4BF956F02CAD7790007470CD /* CustomUserView.swift */; };
/* End PBXBuildFile section */

/* Begin PBXContainerItemProxy section */
		4B3ED2FC2CA159E100BB16AF /* PBXContainerItemProxy */ = {
			isa = PBXContainerItemProxy;
			containerPortal = 4B3ED2DA2CA159DE00BB16AF /* Project object */;
			proxyType = 1;
			remoteGlobalIDString = 4B3ED2E12CA159DE00BB16AF;
			remoteInfo = Swift_UI_Concepts;
		};
		4B3ED3072CA159E100BB16AF /* PBXContainerItemProxy */ = {
			isa = PBXContainerItemProxy;
			containerPortal = 4B3ED2DA2CA159DE00BB16AF /* Project object */;
			proxyType = 1;
			remoteGlobalIDString = 4B3ED2E12CA159DE00BB16AF;
			remoteInfo = Swift_UI_Concepts;
		};
/* End PBXContainerItemProxy section */

/* Begin PBXFileReference section */
		4B3ED2E22CA159DE00BB16AF /* Swift_UI_Concepts.app */ = {isa = PBXFileReference; explicitFileType = wrapper.application; includeInIndex = 0; path = Swift_UI_Concepts.app; sourceTree = BUILT_PRODUCTS_DIR; };
		4B3ED2E52CA159DE00BB16AF /* AppDelegate.swift */ = {isa = PBXFileReference; lastKnownFileType = sourcecode.swift; path = AppDelegate.swift; sourceTree = "<group>"; };
		4B3ED2E72CA159DE00BB16AF /* SceneDelegate.swift */ = {isa = PBXFileReference; lastKnownFileType = sourcecode.swift; path = SceneDelegate.swift; sourceTree = "<group>"; };
		4B3ED2EA2CA159DE00BB16AF /* Swift_UI_Concepts.xcdatamodel */ = {isa = PBXFileReference; lastKnownFileType = wrapper.xcdatamodel; path = Swift_UI_Concepts.xcdatamodel; sourceTree = "<group>"; };
		4B3ED2EC2CA159DE00BB16AF /* ContentView.swift */ = {isa = PBXFileReference; lastKnownFileType = sourcecode.swift; path = ContentView.swift; sourceTree = "<group>"; };
		4B3ED2EE2CA159E100BB16AF /* Assets.xcassets */ = {isa = PBXFileReference; lastKnownFileType = folder.assetcatalog; path = Assets.xcassets; sourceTree = "<group>"; };
		4B3ED2F12CA159E100BB16AF /* Preview Assets.xcassets */ = {isa = PBXFileReference; lastKnownFileType = folder.assetcatalog; path = "Preview Assets.xcassets"; sourceTree = "<group>"; };
		4B3ED2F42CA159E100BB16AF /* Base */ = {isa = PBXFileReference; lastKnownFileType = file.storyboard; name = Base; path = Base.lproj/LaunchScreen.storyboard; sourceTree = "<group>"; };
		4B3ED2F62CA159E100BB16AF /* Info.plist */ = {isa = PBXFileReference; lastKnownFileType = text.plist.xml; path = Info.plist; sourceTree = "<group>"; };
		4B3ED2FB2CA159E100BB16AF /* Swift_UI_ConceptsTests.xctest */ = {isa = PBXFileReference; explicitFileType = wrapper.cfbundle; includeInIndex = 0; path = Swift_UI_ConceptsTests.xctest; sourceTree = BUILT_PRODUCTS_DIR; };
		4B3ED2FF2CA159E100BB16AF /* Swift_UI_ConceptsTests.swift */ = {isa = PBXFileReference; lastKnownFileType = sourcecode.swift; path = Swift_UI_ConceptsTests.swift; sourceTree = "<group>"; };
		4B3ED3012CA159E100BB16AF /* Info.plist */ = {isa = PBXFileReference; lastKnownFileType = text.plist.xml; path = Info.plist; sourceTree = "<group>"; };
		4B3ED3062CA159E100BB16AF /* Swift_UI_ConceptsUITests.xctest */ = {isa = PBXFileReference; explicitFileType = wrapper.cfbundle; includeInIndex = 0; path = Swift_UI_ConceptsUITests.xctest; sourceTree = BUILT_PRODUCTS_DIR; };
		4B3ED30A2CA159E100BB16AF /* Swift_UI_ConceptsUITests.swift */ = {isa = PBXFileReference; lastKnownFileType = sourcecode.swift; path = Swift_UI_ConceptsUITests.swift; sourceTree = "<group>"; };
		4B3ED30C2CA159E200BB16AF /* Info.plist */ = {isa = PBXFileReference; lastKnownFileType = text.plist.xml; path = Info.plist; sourceTree = "<group>"; };
		4B3ED3182CA16BF300BB16AF /* UsersModel.swift */ = {isa = PBXFileReference; lastKnownFileType = sourcecode.swift; path = UsersModel.swift; sourceTree = "<group>"; };
		4B3ED31A2CA16C0E00BB16AF /* UsersViewModel.swift */ = {isa = PBXFileReference; lastKnownFileType = sourcecode.swift; path = UsersViewModel.swift; sourceTree = "<group>"; };
		4B6423A72CA18BC400C4D9D5 /* CustomActivityIndicator.swift */ = {isa = PBXFileReference; lastKnownFileType = sourcecode.swift; path = CustomActivityIndicator.swift; sourceTree = "<group>"; };
		4B7ADE062CAE69DD00890773 /* ViewBuilderSwiftUI.swift */ = {isa = PBXFileReference; lastKnownFileType = sourcecode.swift; path = ViewBuilderSwiftUI.swift; sourceTree = "<group>"; };
		4BCC87D42CAEB09300B3731B /* MenuSwiftUI.swift */ = {isa = PBXFileReference; lastKnownFileType = sourcecode.swift; path = MenuSwiftUI.swift; sourceTree = "<group>"; };
		4BF956EA2CAD6998007470CD /* Users.swift */ = {isa = PBXFileReference; lastKnownFileType = sourcecode.swift; path = Users.swift; sourceTree = "<group>"; };
		4BF956EE2CAD7242007470CD /* PostViewModel.swift */ = {isa = PBXFileReference; lastKnownFileType = sourcecode.swift; path = PostViewModel.swift; sourceTree = "<group>"; };
		4BF956F02CAD7790007470CD /* CustomUserView.swift */ = {isa = PBXFileReference; lastKnownFileType = sourcecode.swift; path = CustomUserView.swift; sourceTree = "<group>"; };
/* End PBXFileReference section */

/* Begin PBXFrameworksBuildPhase section */
		4B3ED2DF2CA159DE00BB16AF /* Frameworks */ = {
			isa = PBXFrameworksBuildPhase;
			buildActionMask = 2147483647;
			files = (
			);
			runOnlyForDeploymentPostprocessing = 0;
		};
		4B3ED2F82CA159E100BB16AF /* Frameworks */ = {
			isa = PBXFrameworksBuildPhase;
			buildActionMask = 2147483647;
			files = (
			);
			runOnlyForDeploymentPostprocessing = 0;
		};
		4B3ED3032CA159E100BB16AF /* Frameworks */ = {
			isa = PBXFrameworksBuildPhase;
			buildActionMask = 2147483647;
			files = (
			);
			runOnlyForDeploymentPostprocessing = 0;
		};
/* End PBXFrameworksBuildPhase section */

/* Begin PBXGroup section */
		4B3ED2D92CA159DE00BB16AF = {
			isa = PBXGroup;
			children = (
				4B3ED2E42CA159DE00BB16AF /* Swift_UI_Concepts */,
				4B3ED2FE2CA159E100BB16AF /* Swift_UI_ConceptsTests */,
				4B3ED3092CA159E100BB16AF /* Swift_UI_ConceptsUITests */,
				4B3ED2E32CA159DE00BB16AF /* Products */,
			);
			sourceTree = "<group>";
		};
		4B3ED2E32CA159DE00BB16AF /* Products */ = {
			isa = PBXGroup;
			children = (
				4B3ED2E22CA159DE00BB16AF /* Swift_UI_Concepts.app */,
				4B3ED2FB2CA159E100BB16AF /* Swift_UI_ConceptsTests.xctest */,
				4B3ED3062CA159E100BB16AF /* Swift_UI_ConceptsUITests.xctest */,
			);
			name = Products;
			sourceTree = "<group>";
		};
		4B3ED2E42CA159DE00BB16AF /* Swift_UI_Concepts */ = {
			isa = PBXGroup;
			children = (
				4B7ADE052CAE69A400890773 /* Excersizes */,
				4BF956E92CAD61AF007470CD /* FetchUsersAPICall */,
				4BF956E82CAD6196007470CD /* AppDelegates */,
				4BF956E32CAD6146007470CD /* FetchIPAddress */,
				4B3ED2EE2CA159E100BB16AF /* Assets.xcassets */,
				4B3ED2F32CA159E100BB16AF /* LaunchScreen.storyboard */,
				4B3ED2F62CA159E100BB16AF /* Info.plist */,
				4B3ED2E92CA159DE00BB16AF /* Swift_UI_Concepts.xcdatamodeld */,
				4B3ED2F02CA159E100BB16AF /* Preview Content */,
			);
			path = Swift_UI_Concepts;
			sourceTree = "<group>";
		};
		4B3ED2F02CA159E100BB16AF /* Preview Content */ = {
			isa = PBXGroup;
			children = (
				4B3ED2F12CA159E100BB16AF /* Preview Assets.xcassets */,
			);
			path = "Preview Content";
			sourceTree = "<group>";
		};
		4B3ED2FE2CA159E100BB16AF /* Swift_UI_ConceptsTests */ = {
			isa = PBXGroup;
			children = (
				4B3ED2FF2CA159E100BB16AF /* Swift_UI_ConceptsTests.swift */,
				4B3ED3012CA159E100BB16AF /* Info.plist */,
			);
			path = Swift_UI_ConceptsTests;
			sourceTree = "<group>";
		};
		4B3ED3092CA159E100BB16AF /* Swift_UI_ConceptsUITests */ = {
			isa = PBXGroup;
			children = (
				4B3ED30A2CA159E100BB16AF /* Swift_UI_ConceptsUITests.swift */,
				4B3ED30C2CA159E200BB16AF /* Info.plist */,
			);
			path = Swift_UI_ConceptsUITests;
			sourceTree = "<group>";
		};
		4B7ADE052CAE69A400890773 /* Excersizes */ = {
			isa = PBXGroup;
			children = (
				4B7ADE062CAE69DD00890773 /* ViewBuilderSwiftUI.swift */,
				4BCC87D42CAEB09300B3731B /* MenuSwiftUI.swift */,
			);
			path = Excersizes;
			sourceTree = "<group>";
		};
		4BF956E32CAD6146007470CD /* FetchIPAddress */ = {
			isa = PBXGroup;
			children = (
				4BF956E72CAD618A007470CD /* View */,
				4BF956E62CAD617A007470CD /* Model */,
				4BF956E52CAD6166007470CD /* CustomUI */,
				4BF956E42CAD615B007470CD /* ViewModel */,
			);
			path = FetchIPAddress;
			sourceTree = "<group>";
		};
		4BF956E42CAD615B007470CD /* ViewModel */ = {
			isa = PBXGroup;
			children = (
				4B3ED31A2CA16C0E00BB16AF /* UsersViewModel.swift */,
			);
			path = ViewModel;
			sourceTree = "<group>";
		};
		4BF956E52CAD6166007470CD /* CustomUI */ = {
			isa = PBXGroup;
			children = (
				4B6423A72CA18BC400C4D9D5 /* CustomActivityIndicator.swift */,
			);
			path = CustomUI;
			sourceTree = "<group>";
		};
		4BF956E62CAD617A007470CD /* Model */ = {
			isa = PBXGroup;
			children = (
				4B3ED3182CA16BF300BB16AF /* UsersModel.swift */,
			);
			path = Model;
			sourceTree = "<group>";
		};
		4BF956E72CAD618A007470CD /* View */ = {
			isa = PBXGroup;
			children = (
				4B3ED2EC2CA159DE00BB16AF /* ContentView.swift */,
			);
			path = View;
			sourceTree = "<group>";
		};
		4BF956E82CAD6196007470CD /* AppDelegates */ = {
			isa = PBXGroup;
			children = (
				4B3ED2E72CA159DE00BB16AF /* SceneDelegate.swift */,
				4B3ED2E52CA159DE00BB16AF /* AppDelegate.swift */,
			);
			path = AppDelegates;
			sourceTree = "<group>";
		};
		4BF956E92CAD61AF007470CD /* FetchUsersAPICall */ = {
			isa = PBXGroup;
			children = (
				4BF956EA2CAD6998007470CD /* Users.swift */,
				4BF956EE2CAD7242007470CD /* PostViewModel.swift */,
				4BF956F02CAD7790007470CD /* CustomUserView.swift */,
			);
			path = FetchUsersAPICall;
			sourceTree = "<group>";
		};
/* End PBXGroup section */

/* Begin PBXNativeTarget section */
		4B3ED2E12CA159DE00BB16AF /* Swift_UI_Concepts */ = {
			isa = PBXNativeTarget;
			buildConfigurationList = 4B3ED30F2CA159E200BB16AF /* Build configuration list for PBXNativeTarget "Swift_UI_Concepts" */;
			buildPhases = (
				4B3ED2DE2CA159DE00BB16AF /* Sources */,
				4B3ED2DF2CA159DE00BB16AF /* Frameworks */,
				4B3ED2E02CA159DE00BB16AF /* Resources */,
			);
			buildRules = (
			);
			dependencies = (
			);
			name = Swift_UI_Concepts;
			productName = Swift_UI_Concepts;
			productReference = 4B3ED2E22CA159DE00BB16AF /* Swift_UI_Concepts.app */;
			productType = "com.apple.product-type.application";
		};
		4B3ED2FA2CA159E100BB16AF /* Swift_UI_ConceptsTests */ = {
			isa = PBXNativeTarget;
			buildConfigurationList = 4B3ED3122CA159E200BB16AF /* Build configuration list for PBXNativeTarget "Swift_UI_ConceptsTests" */;
			buildPhases = (
				4B3ED2F72CA159E100BB16AF /* Sources */,
				4B3ED2F82CA159E100BB16AF /* Frameworks */,
				4B3ED2F92CA159E100BB16AF /* Resources */,
			);
			buildRules = (
			);
			dependencies = (
				4B3ED2FD2CA159E100BB16AF /* PBXTargetDependency */,
			);
			name = Swift_UI_ConceptsTests;
			productName = Swift_UI_ConceptsTests;
			productReference = 4B3ED2FB2CA159E100BB16AF /* Swift_UI_ConceptsTests.xctest */;
			productType = "com.apple.product-type.bundle.unit-test";
		};
		4B3ED3052CA159E100BB16AF /* Swift_UI_ConceptsUITests */ = {
			isa = PBXNativeTarget;
			buildConfigurationList = 4B3ED3152CA159E200BB16AF /* Build configuration list for PBXNativeTarget "Swift_UI_ConceptsUITests" */;
			buildPhases = (
				4B3ED3022CA159E100BB16AF /* Sources */,
				4B3ED3032CA159E100BB16AF /* Frameworks */,
				4B3ED3042CA159E100BB16AF /* Resources */,
			);
			buildRules = (
			);
			dependencies = (
				4B3ED3082CA159E100BB16AF /* PBXTargetDependency */,
			);
			name = Swift_UI_ConceptsUITests;
			productName = Swift_UI_ConceptsUITests;
			productReference = 4B3ED3062CA159E100BB16AF /* Swift_UI_ConceptsUITests.xctest */;
			productType = "com.apple.product-type.bundle.ui-testing";
		};
/* End PBXNativeTarget section */

/* Begin PBXProject section */
		4B3ED2DA2CA159DE00BB16AF /* Project object */ = {
			isa = PBXProject;
			attributes = {
				LastSwiftUpdateCheck = 1110;
				LastUpgradeCheck = 1110;
				ORGANIZATIONNAME = ORGNAGA;
				TargetAttributes = {
					4B3ED2E12CA159DE00BB16AF = {
						CreatedOnToolsVersion = 11.1;
					};
					4B3ED2FA2CA159E100BB16AF = {
						CreatedOnToolsVersion = 11.1;
						TestTargetID = 4B3ED2E12CA159DE00BB16AF;
					};
					4B3ED3052CA159E100BB16AF = {
						CreatedOnToolsVersion = 11.1;
						TestTargetID = 4B3ED2E12CA159DE00BB16AF;
					};
				};
			};
			buildConfigurationList = 4B3ED2DD2CA159DE00BB16AF /* Build configuration list for PBXProject "Swift_UI_Concepts" */;
			compatibilityVersion = "Xcode 9.3";
			developmentRegion = en;
			hasScannedForEncodings = 0;
			knownRegions = (
				en,
				Base,
			);
			mainGroup = 4B3ED2D92CA159DE00BB16AF;
			productRefGroup = 4B3ED2E32CA159DE00BB16AF /* Products */;
			projectDirPath = "";
			projectRoot = "";
			targets = (
				4B3ED2E12CA159DE00BB16AF /* Swift_UI_Concepts */,
				4B3ED2FA2CA159E100BB16AF /* Swift_UI_ConceptsTests */,
				4B3ED3052CA159E100BB16AF /* Swift_UI_ConceptsUITests */,
			);
		};
/* End PBXProject section */

/* Begin PBXResourcesBuildPhase section */
		4B3ED2E02CA159DE00BB16AF /* Resources */ = {
			isa = PBXResourcesBuildPhase;
			buildActionMask = 2147483647;
			files = (
				4B3ED2F52CA159E100BB16AF /* LaunchScreen.storyboard in Resources */,
				4B3ED2F22CA159E100BB16AF /* Preview Assets.xcassets in Resources */,
				4B3ED2EF2CA159E100BB16AF /* Assets.xcassets in Resources */,
			);
			runOnlyForDeploymentPostprocessing = 0;
		};
		4B3ED2F92CA159E100BB16AF /* Resources */ = {
			isa = PBXResourcesBuildPhase;
			buildActionMask = 2147483647;
			files = (
			);
			runOnlyForDeploymentPostprocessing = 0;
		};
		4B3ED3042CA159E100BB16AF /* Resources */ = {
			isa = PBXResourcesBuildPhase;
			buildActionMask = 2147483647;
			files = (
			);
			runOnlyForDeploymentPostprocessing = 0;
		};
/* End PBXResourcesBuildPhase section */

/* Begin PBXSourcesBuildPhase section */
		4B3ED2DE2CA159DE00BB16AF /* Sources */ = {
			isa = PBXSourcesBuildPhase;
			buildActionMask = 2147483647;
			files = (
				4BF956EB2CAD6998007470CD /* Users.swift in Sources */,
				4B3ED2E62CA159DE00BB16AF /* AppDelegate.swift in Sources */,
				4BF956F12CAD7790007470CD /* CustomUserView.swift in Sources */,
				4B3ED31B2CA16C0E00BB16AF /* UsersViewModel.swift in Sources */,
				4B3ED2EB2CA159DE00BB16AF /* Swift_UI_Concepts.xcdatamodeld in Sources */,
				4B3ED2ED2CA159DE00BB16AF /* ContentView.swift in Sources */,
				4B3ED3192CA16BF300BB16AF /* UsersModel.swift in Sources */,
				4BF956EF2CAD7242007470CD /* PostViewModel.swift in Sources */,
				4BCC87D52CAEB09300B3731B /* MenuSwiftUI.swift in Sources */,
				4B3ED2E82CA159DE00BB16AF /* SceneDelegate.swift in Sources */,
				4B6423A82CA18BC400C4D9D5 /* CustomActivityIndicator.swift in Sources */,
				4B7ADE072CAE69DD00890773 /* ViewBuilderSwiftUI.swift in Sources */,
			);
			runOnlyForDeploymentPostprocessing = 0;
		};
		4B3ED2F72CA159E100BB16AF /* Sources */ = {
			isa = PBXSourcesBuildPhase;
			buildActionMask = 2147483647;
			files = (
				4B3ED3002CA159E100BB16AF /* Swift_UI_ConceptsTests.swift in Sources */,
			);
			runOnlyForDeploymentPostprocessing = 0;
		};
		4B3ED3022CA159E100BB16AF /* Sources */ = {
			isa = PBXSourcesBuildPhase;
			buildActionMask = 2147483647;
			files = (
				4B3ED30B2CA159E100BB16AF /* Swift_UI_ConceptsUITests.swift in Sources */,
			);
			runOnlyForDeploymentPostprocessing = 0;
		};
/* End PBXSourcesBuildPhase section */

/* Begin PBXTargetDependency section */
		4B3ED2FD2CA159E100BB16AF /* PBXTargetDependency */ = {
			isa = PBXTargetDependency;
			target = 4B3ED2E12CA159DE00BB16AF /* Swift_UI_Concepts */;
			targetProxy = 4B3ED2FC2CA159E100BB16AF /* PBXContainerItemProxy */;
		};
		4B3ED3082CA159E100BB16AF /* PBXTargetDependency */ = {
			isa = PBXTargetDependency;
			target = 4B3ED2E12CA159DE00BB16AF /* Swift_UI_Concepts */;
			targetProxy = 4B3ED3072CA159E100BB16AF /* PBXContainerItemProxy */;
		};
/* End PBXTargetDependency section */

/* Begin PBXVariantGroup section */
		4B3ED2F32CA159E100BB16AF /* LaunchScreen.storyboard */ = {
			isa = PBXVariantGroup;
			children = (
				4B3ED2F42CA159E100BB16AF /* Base */,
			);
			name = LaunchScreen.storyboard;
			sourceTree = "<group>";
		};
/* End PBXVariantGroup section */

/* Begin XCBuildConfiguration section */
		4B3ED30D2CA159E200BB16AF /* Debug */ = {
			isa = XCBuildConfiguration;
			buildSettings = {
				ALWAYS_SEARCH_USER_PATHS = NO;
				CLANG_ANALYZER_NONNULL = YES;
				CLANG_ANALYZER_NUMBER_OBJECT_CONVERSION = YES_AGGRESSIVE;
				CLANG_CXX_LANGUAGE_STANDARD = "gnu++14";
				CLANG_CXX_LIBRARY = "libc++";
				CLANG_ENABLE_MODULES = YES;
				CLANG_ENABLE_OBJC_ARC = YES;
				CLANG_ENABLE_OBJC_WEAK = YES;
				CLANG_WARN_BLOCK_CAPTURE_AUTORELEASING = YES;
				CLANG_WARN_BOOL_CONVERSION = YES;
				CLANG_WARN_COMMA = YES;
				CLANG_WARN_CONSTANT_CONVERSION = YES;
				CLANG_WARN_DEPRECATED_OBJC_IMPLEMENTATIONS = YES;
				CLANG_WARN_DIRECT_OBJC_ISA_USAGE = YES_ERROR;
				CLANG_WARN_DOCUMENTATION_COMMENTS = YES;
				CLANG_WARN_EMPTY_BODY = YES;
				CLANG_WARN_ENUM_CONVERSION = YES;
				CLANG_WARN_INFINITE_RECURSION = YES;
				CLANG_WARN_INT_CONVERSION = YES;
				CLANG_WARN_NON_LITERAL_NULL_CONVERSION = YES;
				CLANG_WARN_OBJC_IMPLICIT_RETAIN_SELF = YES;
				CLANG_WARN_OBJC_LITERAL_CONVERSION = YES;
				CLANG_WARN_OBJC_ROOT_CLASS = YES_ERROR;
				CLANG_WARN_RANGE_LOOP_ANALYSIS = YES;
				CLANG_WARN_STRICT_PROTOTYPES = YES;
				CLANG_WARN_SUSPICIOUS_MOVE = YES;
				CLANG_WARN_UNGUARDED_AVAILABILITY = YES_AGGRESSIVE;
				CLANG_WARN_UNREACHABLE_CODE = YES;
				CLANG_WARN__DUPLICATE_METHOD_MATCH = YES;
				COPY_PHASE_STRIP = NO;
				DEBUG_INFORMATION_FORMAT = dwarf;
				ENABLE_STRICT_OBJC_MSGSEND = YES;
				ENABLE_TESTABILITY = YES;
				GCC_C_LANGUAGE_STANDARD = gnu11;
				GCC_DYNAMIC_NO_PIC = NO;
				GCC_NO_COMMON_BLOCKS = YES;
				GCC_OPTIMIZATION_LEVEL = 0;
				GCC_PREPROCESSOR_DEFINITIONS = (
					"DEBUG=1",
					"$(inherited)",
				);
				GCC_WARN_64_TO_32_BIT_CONVERSION = YES;
				GCC_WARN_ABOUT_RETURN_TYPE = YES_ERROR;
				GCC_WARN_UNDECLARED_SELECTOR = YES;
				GCC_WARN_UNINITIALIZED_AUTOS = YES_AGGRESSIVE;
				GCC_WARN_UNUSED_FUNCTION = YES;
				GCC_WARN_UNUSED_VARIABLE = YES;
				IPHONEOS_DEPLOYMENT_TARGET = 13.1;
				MTL_ENABLE_DEBUG_INFO = INCLUDE_SOURCE;
				MTL_FAST_MATH = YES;
				ONLY_ACTIVE_ARCH = YES;
				SDKROOT = iphoneos;
				SWIFT_ACTIVE_COMPILATION_CONDITIONS = DEBUG;
				SWIFT_OPTIMIZATION_LEVEL = "-Onone";
			};
			name = Debug;
		};
		4B3ED30E2CA159E200BB16AF /* Release */ = {
			isa = XCBuildConfiguration;
			buildSettings = {
				ALWAYS_SEARCH_USER_PATHS = NO;
				CLANG_ANALYZER_NONNULL = YES;
				CLANG_ANALYZER_NUMBER_OBJECT_CONVERSION = YES_AGGRESSIVE;
				CLANG_CXX_LANGUAGE_STANDARD = "gnu++14";
				CLANG_CXX_LIBRARY = "libc++";
				CLANG_ENABLE_MODULES = YES;
				CLANG_ENABLE_OBJC_ARC = YES;
				CLANG_ENABLE_OBJC_WEAK = YES;
				CLANG_WARN_BLOCK_CAPTURE_AUTORELEASING = YES;
				CLANG_WARN_BOOL_CONVERSION = YES;
				CLANG_WARN_COMMA = YES;
				CLANG_WARN_CONSTANT_CONVERSION = YES;
				CLANG_WARN_DEPRECATED_OBJC_IMPLEMENTATIONS = YES;
				CLANG_WARN_DIRECT_OBJC_ISA_USAGE = YES_ERROR;
				CLANG_WARN_DOCUMENTATION_COMMENTS = YES;
				CLANG_WARN_EMPTY_BODY = YES;
				CLANG_WARN_ENUM_CONVERSION = YES;
				CLANG_WARN_INFINITE_RECURSION = YES;
				CLANG_WARN_INT_CONVERSION = YES;
				CLANG_WARN_NON_LITERAL_NULL_CONVERSION = YES;
				CLANG_WARN_OBJC_IMPLICIT_RETAIN_SELF = YES;
				CLANG_WARN_OBJC_LITERAL_CONVERSION = YES;
				CLANG_WARN_OBJC_ROOT_CLASS = YES_ERROR;
				CLANG_WARN_RANGE_LOOP_ANALYSIS = YES;
				CLANG_WARN_STRICT_PROTOTYPES = YES;
				CLANG_WARN_SUSPICIOUS_MOVE = YES;
				CLANG_WARN_UNGUARDED_AVAILABILITY = YES_AGGRESSIVE;
				CLANG_WARN_UNREACHABLE_CODE = YES;
				CLANG_WARN__DUPLICATE_METHOD_MATCH = YES;
				COPY_PHASE_STRIP = NO;
				DEBUG_INFORMATION_FORMAT = "dwarf-with-dsym";
				ENABLE_NS_ASSERTIONS = NO;
				ENABLE_STRICT_OBJC_MSGSEND = YES;
				GCC_C_LANGUAGE_STANDARD = gnu11;
				GCC_NO_COMMON_BLOCKS = YES;
				GCC_WARN_64_TO_32_BIT_CONVERSION = YES;
				GCC_WARN_ABOUT_RETURN_TYPE = YES_ERROR;
				GCC_WARN_UNDECLARED_SELECTOR = YES;
				GCC_WARN_UNINITIALIZED_AUTOS = YES_AGGRESSIVE;
				GCC_WARN_UNUSED_FUNCTION = YES;
				GCC_WARN_UNUSED_VARIABLE = YES;
				IPHONEOS_DEPLOYMENT_TARGET = 13.1;
				MTL_ENABLE_DEBUG_INFO = NO;
				MTL_FAST_MATH = YES;
				SDKROOT = iphoneos;
				SWIFT_COMPILATION_MODE = wholemodule;
				SWIFT_OPTIMIZATION_LEVEL = "-O";
				VALIDATE_PRODUCT = YES;
			};
			name = Release;
		};
		4B3ED3102CA159E200BB16AF /* Debug */ = {
			isa = XCBuildConfiguration;
			buildSettings = {
				ASSETCATALOG_COMPILER_APPICON_NAME = AppIcon;
				CODE_SIGN_STYLE = Automatic;
				DEVELOPMENT_ASSET_PATHS = "\"Swift_UI_Concepts/Preview Content\"";
				DEVELOPMENT_TEAM = 8Q7Q8JRP34;
				ENABLE_PREVIEWS = YES;
				INFOPLIST_FILE = Swift_UI_Concepts/Info.plist;
				LD_RUNPATH_SEARCH_PATHS = (
					"$(inherited)",
					"@executable_path/Frameworks",
				);
				PRODUCT_BUNDLE_IDENTIFIER = "com.orgnaga.Swift-UI-Concepts";
				PRODUCT_NAME = "$(TARGET_NAME)";
				SWIFT_VERSION = 5.0;
				TARGETED_DEVICE_FAMILY = "1,2";
			};
			name = Debug;
		};
		4B3ED3112CA159E200BB16AF /* Release */ = {
			isa = XCBuildConfiguration;
			buildSettings = {
				ASSETCATALOG_COMPILER_APPICON_NAME = AppIcon;
				CODE_SIGN_STYLE = Automatic;
				DEVELOPMENT_ASSET_PATHS = "\"Swift_UI_Concepts/Preview Content\"";
				DEVELOPMENT_TEAM = 8Q7Q8JRP34;
				ENABLE_PREVIEWS = YES;
				INFOPLIST_FILE = Swift_UI_Concepts/Info.plist;
				LD_RUNPATH_SEARCH_PATHS = (
					"$(inherited)",
					"@executable_path/Frameworks",
				);
				PRODUCT_BUNDLE_IDENTIFIER = "com.orgnaga.Swift-UI-Concepts";
				PRODUCT_NAME = "$(TARGET_NAME)";
				SWIFT_VERSION = 5.0;
				TARGETED_DEVICE_FAMILY = "1,2";
			};
			name = Release;
		};
		4B3ED3132CA159E200BB16AF /* Debug */ = {
			isa = XCBuildConfiguration;
			buildSettings = {
				ALWAYS_EMBED_SWIFT_STANDARD_LIBRARIES = YES;
				BUNDLE_LOADER = "$(TEST_HOST)";
				CODE_SIGN_STYLE = Automatic;
				DEVELOPMENT_TEAM = 8Q7Q8JRP34;
				INFOPLIST_FILE = Swift_UI_ConceptsTests/Info.plist;
				IPHONEOS_DEPLOYMENT_TARGET = 13.1;
				LD_RUNPATH_SEARCH_PATHS = (
					"$(inherited)",
					"@executable_path/Frameworks",
					"@loader_path/Frameworks",
				);
				PRODUCT_BUNDLE_IDENTIFIER = "com.orgnaga.Swift-UI-ConceptsTests";
				PRODUCT_NAME = "$(TARGET_NAME)";
				SWIFT_VERSION = 5.0;
				TARGETED_DEVICE_FAMILY = "1,2";
				TEST_HOST = "$(BUILT_PRODUCTS_DIR)/Swift_UI_Concepts.app/Swift_UI_Concepts";
			};
			name = Debug;
		};
		4B3ED3142CA159E200BB16AF /* Release */ = {
			isa = XCBuildConfiguration;
			buildSettings = {
				ALWAYS_EMBED_SWIFT_STANDARD_LIBRARIES = YES;
				BUNDLE_LOADER = "$(TEST_HOST)";
				CODE_SIGN_STYLE = Automatic;
				DEVELOPMENT_TEAM = 8Q7Q8JRP34;
				INFOPLIST_FILE = Swift_UI_ConceptsTests/Info.plist;
				IPHONEOS_DEPLOYMENT_TARGET = 13.1;
				LD_RUNPATH_SEARCH_PATHS = (
					"$(inherited)",
					"@executable_path/Frameworks",
					"@loader_path/Frameworks",
				);
				PRODUCT_BUNDLE_IDENTIFIER = "com.orgnaga.Swift-UI-ConceptsTests";
				PRODUCT_NAME = "$(TARGET_NAME)";
				SWIFT_VERSION = 5.0;
				TARGETED_DEVICE_FAMILY = "1,2";
				TEST_HOST = "$(BUILT_PRODUCTS_DIR)/Swift_UI_Concepts.app/Swift_UI_Concepts";
			};
			name = Release;
		};
		4B3ED3162CA159E200BB16AF /* Debug */ = {
			isa = XCBuildConfiguration;
			buildSettings = {
				ALWAYS_EMBED_SWIFT_STANDARD_LIBRARIES = YES;
				CODE_SIGN_STYLE = Automatic;
				DEVELOPMENT_TEAM = 8Q7Q8JRP34;
				INFOPLIST_FILE = Swift_UI_ConceptsUITests/Info.plist;
				LD_RUNPATH_SEARCH_PATHS = (
					"$(inherited)",
					"@executable_path/Frameworks",
					"@loader_path/Frameworks",
				);
				PRODUCT_BUNDLE_IDENTIFIER = "com.orgnaga.Swift-UI-ConceptsUITests";
				PRODUCT_NAME = "$(TARGET_NAME)";
				SWIFT_VERSION = 5.0;
				TARGETED_DEVICE_FAMILY = "1,2";
				TEST_TARGET_NAME = Swift_UI_Concepts;
			};
			name = Debug;
		};
		4B3ED3172CA159E200BB16AF /* Release */ = {
			isa = XCBuildConfiguration;
			buildSettings = {
				ALWAYS_EMBED_SWIFT_STANDARD_LIBRARIES = YES;
				CODE_SIGN_STYLE = Automatic;
				DEVELOPMENT_TEAM = 8Q7Q8JRP34;
				INFOPLIST_FILE = Swift_UI_ConceptsUITests/Info.plist;
				LD_RUNPATH_SEARCH_PATHS = (
					"$(inherited)",
					"@executable_path/Frameworks",
					"@loader_path/Frameworks",
				);
				PRODUCT_BUNDLE_IDENTIFIER = "com.orgnaga.Swift-UI-ConceptsUITests";
				PRODUCT_NAME = "$(TARGET_NAME)";
				SWIFT_VERSION = 5.0;
				TARGETED_DEVICE_FAMILY = "1,2";
				TEST_TARGET_NAME = Swift_UI_Concepts;
			};
			name = Release;
		};
/* End XCBuildConfiguration section */

/* Begin XCConfigurationList section */
		4B3ED2DD2CA159DE00BB16AF /* Build configuration list for PBXProject "Swift_UI_Concepts" */ = {
			isa = XCConfigurationList;
			buildConfigurations = (
				4B3ED30D2CA159E200BB16AF /* Debug */,
				4B3ED30E2CA159E200BB16AF /* Release */,
			);
			defaultConfigurationIsVisible = 0;
			defaultConfigurationName = Release;
		};
		4B3ED30F2CA159E200BB16AF /* Build configuration list for PBXNativeTarget "Swift_UI_Concepts" */ = {
			isa = XCConfigurationList;
			buildConfigurations = (
				4B3ED3102CA159E200BB16AF /* Debug */,
				4B3ED3112CA159E200BB16AF /* Release */,
			);
			defaultConfigurationIsVisible = 0;
			defaultConfigurationName = Release;
		};
		4B3ED3122CA159E200BB16AF /* Build configuration list for PBXNativeTarget "Swift_UI_ConceptsTests" */ = {
			isa = XCConfigurationList;
			buildConfigurations = (
				4B3ED3132CA159E200BB16AF /* Debug */,
				4B3ED3142CA159E200BB16AF /* Release */,
			);
			defaultConfigurationIsVisible = 0;
			defaultConfigurationName = Release;
		};
		4B3ED3152CA159E200BB16AF /* Build configuration list for PBXNativeTarget "Swift_UI_ConceptsUITests" */ = {
			isa = XCConfigurationList;
			buildConfigurations = (
				4B3ED3162CA159E200BB16AF /* Debug */,
				4B3ED3172CA159E200BB16AF /* Release */,
			);
			defaultConfigurationIsVisible = 0;
			defaultConfigurationName = Release;
		};
/* End XCConfigurationList section */

/* Begin XCVersionGroup section */
		4B3ED2E92CA159DE00BB16AF /* Swift_UI_Concepts.xcdatamodeld */ = {
			isa = XCVersionGroup;
			children = (
				4B3ED2EA2CA159DE00BB16AF /* Swift_UI_Concepts.xcdatamodel */,
			);
			currentVersion = 4B3ED2EA2CA159DE00BB16AF /* Swift_UI_Concepts.xcdatamodel */;
			path = Swift_UI_Concepts.xcdatamodeld;
			sourceTree = "<group>";
			versionGroupType = wrapper.xcdatamodel;
		};
/* End XCVersionGroup section */
	};
	rootObject = 4B3ED2DA2CA159DE00BB16AF /* Project object */;
}
